
Microsoft Visual Studio Solution File, Format Version 12.00
# Visual Studio 15
Project("{FAE04EC0-301F-11D3-BF4B-00C04F79EFBC}") = "Assembly-CSharp", "Assembly-CSharp.csproj", "{357C0E2B-C8DC-D3BD-3795-A04714AAC479}"
EndProject
Project("{FAE04EC0-301F-11D3-BF4B-00C04F79EFBC}") = "Assembly-CSharp-Editor", "Assembly-CSharp-Editor.csproj", "{D33D4D4A-29A6-B0E3-03F4-0150B537CFE8}"
EndProject
Global
	GlobalSection(SolutionConfigurationPlatforms) = preSolution
		Debug|Any CPU = Debug|Any CPU
		Release|Any CPU = Release|Any CPU
	EndGlobalSection
	GlobalSection(ProjectConfigurationPlatforms) = postSolution
		{357C0E2B-C8DC-D3BD-3795-A04714AAC479}.Debug|Any CPU.ActiveCfg = Debug|Any CPU
		{357C0E2B-C8DC-D3BD-3795-A04714AAC479}.Debug|Any CPU.Build.0 = Debug|Any CPU
		{357C0E2B-C8DC-D3BD-3795-A04714AAC479}.Release|Any CPU.ActiveCfg = Release|Any CPU
		{357C0E2B-C8DC-D3BD-3795-A04714AAC479}.Release|Any CPU.Build.0 = Release|Any CPU
		{D33D4D4A-29A6-B0E3-03F4-0150B537CFE8}.Debug|Any CPU.ActiveCfg = Debug|Any CPU
		{D33D4D4A-29A6-B0E3-03F4-0150B537CFE8}.Debug|Any CPU.Build.0 = Debug|Any CPU
		{D33D4D4A-29A6-B0E3-03F4-0150B537CFE8}.Release|Any CPU.ActiveCfg = Release|Any CPU
		{D33D4D4A-29A6-B0E3-03F4-0150B537CFE8}.Release|Any CPU.Build.0 = Release|Any CPU
	EndGlobalSection
	GlobalSection(SolutionProperties) = preSolution
		HideSolutionNode = FALSE
	EndGlobalSection
EndGlobal
